{
  "version": 4,
  "terraform_version": "1.14.5",
  "serial": 31,
  "lineage": "31a2f7c1-d538-578b-c323-b145fd5110ba",
  "outputs": {
    "files_map_debug": {
      "value": {
        "PRD-1": {
          "env": "PRD",
          "num": 1
        },
        "PRD-10": {
          "env": "PRD",
          "num": 10
        },
        "PRD-2": {
          "env": "PRD",
          "num": 2
        },
        "PRD-3": {
          "env": "PRD",
          "num": 3
        },
        "PRD-4": {
          "env": "PRD",
          "num": 4
        },
        "PRD-5": {
          "env": "PRD",
          "num": 5
        },
        "PRD-6": {
          "env": "PRD",
          "num": 6
        },
        "PRD-7": {
          "env": "PRD",
          "num": 7
        },
        "PRD-8": {
          "env": "PRD",
          "num": 8
        },
        "PRD-9": {
          "env": "PRD",
          "num": 9
        },
        "QA-1": {
          "env": "QA",
          "num": 1
        },
        "QA-10": {
          "env": "QA",
          "num": 10
        },
        "QA-2": {
          "env": "QA",
          "num": 2
        },
        "QA-3": {
          "env": "QA",
          "num": 3
        },
        "QA-4": {
          "env": "QA",
          "num": 4
        },
        "QA-5": {
          "env": "QA",
          "num": 5
        },
        "QA-6": {
          "env": "QA",
          "num": 6
        },
        "QA-7": {
          "env": "QA",
          "num": 7
        },
        "QA-8": {
          "env": "QA",
          "num": 8
        },
        "QA-9": {
          "env": "QA",
          "num": 9
        },
        "STG-1": {
          "env": "STG",
          "num": 1
        },
        "STG-10": {
          "env": "STG",
          "num": 10
        },
        "STG-2": {
          "env": "STG",
          "num": 2
        },
        "STG-3": {
          "env": "STG",
          "num": 3
        },
        "STG-4": {
          "env": "STG",
          "num": 4
        },
        "STG-5": {
          "env": "STG",
          "num": 5
        },
        "STG-6": {
          "env": "STG",
          "num": 6
        },
        "STG-7": {
          "env": "STG",
          "num": 7
        },
        "STG-8": {
          "env": "STG",
          "num": 8
        },
        "STG-9": {
          "env": "STG",
          "num": 9
        }
      },
      "type": [
        "object",
        {
          "PRD-1": [
            "object",
            {
              "env": "string",
              "num": "number"
            }
          ],
          "PRD-10": [
            "object",
            {
              "env": "string",
              "num": "number"
            }
          ],
          "PRD-2": [
            "object",
            {
              "env": "string",
              "num": "number"
            }
          ],
          "PRD-3": [
            "object",
            {
              "env": "string",
              "num": "number"
            }
          ],
          "PRD-4": [
            "object",
            {
              "env": "string",
              "num": "number"
            }
          ],
          "PRD-5": [
            "object",
            {
              "env": "string",
              "num": "number"
            }
          ],
          "PRD-6": [
            "object",
            {
              "env": "string",
              "num": "number"
            }
          ],
          "PRD-7": [
            "object",
            {
              "env": "string",
              "num": "number"
            }
          ],
          "PRD-8": [
            "object",
            {
              "env": "string",
              "num": "number"
            }
          ],
          "PRD-9": [
            "object",
            {
              "env": "string",
              "num": "number"
            }
          ],
          "QA-1": [
            "object",
            {
              "env": "string",
              "num": "number"
            }
          ],
          "QA-10": [
            "object",
            {
              "env": "string",
              "num": "number"
            }
          ],
          "QA-2": [
            "object",
            {
              "env": "string",
              "num": "number"
            }
          ],
          "QA-3": [
            "object",
            {
              "env": "string",
              "num": "number"
            }
          ],
          "QA-4": [
            "object",
            {
              "env": "string",
              "num": "number"
            }
          ],
          "QA-5": [
            "object",
            {
              "env": "string",
              "num": "number"
            }
          ],
          "QA-6": [
            "object",
            {
              "env": "string",
              "num": "number"
            }
          ],
          "QA-7": [
            "object",
            {
              "env": "string",
              "num": "number"
            }
          ],
          "QA-8": [
            "object",
            {
              "env": "string",
              "num": "number"
            }
          ],
          "QA-9": [
            "object",
            {
              "env": "string",
              "num": "number"
            }
          ],
          "STG-1": [
            "object",
            {
              "env": "string",
              "num": "number"
            }
          ],
          "STG-10": [
            "object",
            {
              "env": "string",
              "num": "number"
            }
          ],
          "STG-2": [
            "object",
            {
              "env": "string",
              "num": "number"
            }
          ],
          "STG-3": [
            "object",
            {
              "env": "string",
              "num": "number"
            }
          ],
          "STG-4": [
            "object",
            {
              "env": "string",
              "num": "number"
            }
          ],
          "STG-5": [
            "object",
            {
              "env": "string",
              "num": "number"
            }
          ],
          "STG-6": [
            "object",
            {
              "env": "string",
              "num": "number"
            }
          ],
          "STG-7": [
            "object",
            {
              "env": "string",
              "num": "number"
            }
          ],
          "STG-8": [
            "object",
            {
              "env": "string",
              "num": "number"
            }
          ],
          "STG-9": [
            "object",
            {
              "env": "string",
              "num": "number"
            }
          ]
        }
      ]
    },
    "generated_files_list": {
      "value": [
        "PRD/file1.txt",
        "PRD/file10.txt",
        "PRD/file2.txt",
        "PRD/file3.txt",
        "PRD/file4.txt",
        "PRD/file5.txt",
        "PRD/file6.txt",
        "PRD/file7.txt",
        "PRD/file8.txt",
        "PRD/file9.txt",
        "QA/file1.txt",
        "QA/file10.txt",
        "QA/file2.txt",
        "QA/file3.txt",
        "QA/file4.txt",
        "QA/file5.txt",
        "QA/file6.txt",
        "QA/file7.txt",
        "QA/file8.txt",
        "QA/file9.txt",
        "STG/file1.txt",
        "STG/file10.txt",
        "STG/file2.txt",
        "STG/file3.txt",
        "STG/file4.txt",
        "STG/file5.txt",
        "STG/file6.txt",
        "STG/file7.txt",
        "STG/file8.txt",
        "STG/file9.txt"
      ],
      "type": [
        "tuple",
        [
          "string",
          "string",
          "string",
          "string",
          "string",
          "string",
          "string",
          "string",
          "string",
          "string",
          "string",
          "string",
          "string",
          "string",
          "string",
          "string",
          "string",
          "string",
          "string",
          "string",
          "string",
          "string",
          "string",
          "string",
          "string",
          "string",
          "string",
          "string",
          "string",
          "string"
        ]
      ]
    },
    "total_files_created": {
      "value": 30,
      "type": "number"
    }
  },
  "resources": [
    {
      "mode": "managed",
      "type": "local_file",
      "name": "generated_files",
      "provider": "provider[\"registry.terraform.io/hashicorp/local\"]",
      "instances": [
        {
          "index_key": "PRD-1",
          "schema_version": 0,
          "attributes": {
            "content": "This is file number 1 for PRD env generated by terraform, The user inputed text is: Running in production...",
            "content_base64": null,
            "content_base64sha256": "2FkSsyk9TYSh6ndNzwPMpZH2jjeNhVZ5alWjgB2ffi8=",
            "content_base64sha512": "lKo3ZA8TBH/iXjeugQAAslpHMbpO5Er4T6GNSluYpmlq2ZB/wktAM3HwizQqffC6N/nPxsmJiuHf/VZdkgr5vA==",
            "content_md5": "98fbc7eccd4af4b88eaae0d06ac2c476",
            "content_sha1": "41f3dee1d9947574b21247281305079ba6a45f79",
            "content_sha256": "d85912b3293d4d84a1ea774dcf03cca591f68e378d8556796a55a3801d9f7e2f",
            "content_sha512": "94aa37640f13047fe25e37ae810000b25a4731ba4ee44af84fa18d4a5b98a6696ad9907fc24b403371f08b342a7df0ba37f9cfc6c9898ae1dffd565d920af9bc",
            "directory_permission": "0777",
            "file_permission": "0777",
            "filename": "PRD/file1.txt",
            "id": "41f3dee1d9947574b21247281305079ba6a45f79",
            "sensitive_content": null,
            "source": null
          },
          "sensitive_attributes": [
            [
              {
                "type": "get_attr",
                "value": "sensitive_content"
              }
            ]
          ],
          "identity_schema_version": 0
        },
        {
          "index_key": "PRD-10",
          "schema_version": 0,
          "attributes": {
            "content": "This is file number 10 for PRD env generated by terraform, The user inputed text is: Running in production...",
            "content_base64": null,
            "content_base64sha256": "onMxin0kmNWxUpmD+AqnVe2A16MhOGrRFpLZuZz686M=",
            "content_base64sha512": "H9hSELSugkw/D+0TTTkR5YjIbcPiigYH12R7lCIClVWjTXzTSEa4mfTWXoUZLUhIwVU/szhWRmrW5eK8pgCzng==",
            "content_md5": "938af95fd47711754344db52e13a22a9",
            "content_sha1": "5428f87d4830f1a1d88cb35dee688062d7996659",
            "content_sha256": "a273318a7d2498d5b1529983f80aa755ed80d7a321386ad11692d9b99cfaf3a3",
            "content_sha512": "1fd85210b4ae824c3f0fed134d3911e588c86dc3e28a0607d7647b9422029555a34d7cd34846b899f4d65e85192d4848c1553fb33856466ad6e5e2bca600b39e",
            "directory_permission": "0777",
            "file_permission": "0777",
            "filename": "PRD/file10.txt",
            "id": "5428f87d4830f1a1d88cb35dee688062d7996659",
            "sensitive_content": null,
            "source": null
          },
          "sensitive_attributes": [
            [
              {
                "type": "get_attr",
                "value": "sensitive_content"
              }
            ]
          ],
          "identity_schema_version": 0
        },
        {
          "index_key": "PRD-2",
          "schema_version": 0,
          "attributes": {
            "content": "This is file number 2 for PRD env generated by terraform, The user inputed text is: Running in production...",
            "content_base64": null,
            "content_base64sha256": "YbL/uqK2hp43L6z1BiORlAdmYUy+ybrzmrrWk2EsEko=",
            "content_base64sha512": "0nFqosJC0o5Cxr8glnzSyifL+3gBpkWW4q+RDnRGml6jT1mO4T2HXRmQBjswbb7uG8JYU1veq0MBYpzeIQUZhA==",
            "content_md5": "13c7f5c20f1b72b977ff952b7a980ffc",
            "content_sha1": "a3816b65ee9fa0e649ab5a78f0cf4367fa80b8bc",
            "content_sha256": "61b2ffbaa2b6869e372facf5062391940766614cbec9baf39abad693612c124a",
            "content_sha512": "d2716aa2c242d28e42c6bf20967cd2ca27cbfb7801a64596e2af910e74469a5ea34f598ee13d875d1990063b306dbeee1bc258535bdeab4301629cde21051984",
            "directory_permission": "0777",
            "file_permission": "0777",
            "filename": "PRD/file2.txt",
            "id": "a3816b65ee9fa0e649ab5a78f0cf4367fa80b8bc",
            "sensitive_content": null,
            "source": null
          },
          "sensitive_attributes": [
            [
              {
                "type": "get_attr",
                "value": "sensitive_content"
              }
            ]
          ],
          "identity_schema_version": 0
        },
        {
          "index_key": "PRD-3",
          "schema_version": 0,
          "attributes": {
            "content": "This is file number 3 for PRD env generated by terraform, The user inputed text is: Running in production...",
            "content_base64": null,
            "content_base64sha256": "GrWfSSijYh0VUn58UyM43ZQC7ZMK8totIy+9i7JH4w0=",
            "content_base64sha512": "q1+h5m5FY40f7WsQBPVx7zFlZBJzSU3ULkXTa24RDaiv5Mg7osbEc5m0z/ffHbKnXukfoMNEW8m6OgolD2fhzA==",
            "content_md5": "4992bd36b0595556b94966a41f4acc3c",
            "content_sha1": "0ac5db3fdd4893673b85364bfac0319b9be37620",
            "content_sha256": "1ab59f4928a3621d15527e7c532338dd9402ed930af2da2d232fbd8bb247e30d",
            "content_sha512": "ab5fa1e66e45638d1fed6b1004f571ef3165641273494dd42e45d36b6e110da8afe4c83ba2c6c47399b4cff7df1db2a75ee91fa0c3445bc9ba3a0a250f67e1cc",
            "directory_permission": "0777",
            "file_permission": "0777",
            "filename": "PRD/file3.txt",
            "id": "0ac5db3fdd4893673b85364bfac0319b9be37620",
            "sensitive_content": null,
            "source": null
          },
          "sensitive_attributes": [
            [
              {
                "type": "get_attr",
                "value": "sensitive_content"
              }
            ]
          ],
          "identity_schema_version": 0
        },
        {
          "index_key": "PRD-4",
          "schema_version": 0,
          "attributes": {
            "content": "This is file number 4 for PRD env generated by terraform, The user inputed text is: Running in production...",
            "content_base64": null,
            "content_base64sha256": "16BXIMsyojXmRzVmQhkv6U3eHdJU+akiv+nTb4IOhck=",
            "content_base64sha512": "i/Z9ejgS6PvuPZNWTfz3tTvVhchQxI9mgEAhlsaxXTbGQXZzNbHdrrzXE+nlwI1gKDmBVvZt0o0mH8P+MAHSBw==",
            "content_md5": "674ee89a4a05f9d242c641e6a5b39bda",
            "content_sha1": "55491b871f676753cda58dbd0dd0dc0b5d8f4ba6",
            "content_sha256": "d7a05720cb32a235e647356642192fe94dde1dd254f9a922bfe9d36f820e85c9",
            "content_sha512": "8bf67d7a3812e8fbee3d93564dfcf7b53bd585c850c48f6680402196c6b15d36c641767335b1ddaebcd713e9e5c08d6028398156f66dd28d261fc3fe3001d207",
            "directory_permission": "0777",
            "file_permission": "0777",
            "filename": "PRD/file4.txt",
            "id": "55491b871f676753cda58dbd0dd0dc0b5d8f4ba6",
            "sensitive_content": null,
            "source": null
          },
          "sensitive_attributes": [
            [
              {
                "type": "get_attr",
                "value": "sensitive_content"
              }
            ]
          ],
          "identity_schema_version": 0
        },
        {
          "index_key": "PRD-5",
          "schema_version": 0,
          "attributes": {
            "content": "This is file number 5 for PRD env generated by terraform, The user inputed text is: Running in production...",
            "content_base64": null,
            "content_base64sha256": "XLz7cOGxW60u87cw7CxA9arZWmPuTe0/fHsmv6fewj4=",
            "content_base64sha512": "Q1ka3WoCGnKf4SacOVHUYIJ+79i54egMMahwsKr9MzxAMSpIrJDSafs+RNCBFYj/aM8HMP51JZJ+EGdMjpLafA==",
            "content_md5": "c6a10a261d57aeb26e64841b5d036937",
            "content_sha1": "ce2abeef17d56f8e393b663a61d1fd305a0cbf07",
            "content_sha256": "5cbcfb70e1b15bad2ef3b730ec2c40f5aad95a63ee4ded3f7c7b26bfa7dec23e",
            "content_sha512": "43591add6a021a729fe1269c3951d460827eefd8b9e1e80c31a870b0aafd333c40312a48ac90d269fb3e44d0811588ff68cf0730fe7525927e10674c8e92da7c",
            "directory_permission": "0777",
            "file_permission": "0777",
            "filename": "PRD/file5.txt",
            "id": "ce2abeef17d56f8e393b663a61d1fd305a0cbf07",
            "sensitive_content": null,
            "source": null
          },
          "sensitive_attributes": [
            [
              {
                "type": "get_attr",
                "value": "sensitive_content"
              }
            ]
          ],
          "identity_schema_version": 0
        },
        {
          "index_key": "PRD-6",
          "schema_version": 0,
          "attributes": {
            "content": "This is file number 6 for PRD env generated by terraform, The user inputed text is: Running in production...",
            "content_base64": null,
            "content_base64sha256": "Nn7ibcq1H39Q2u0pC1m1gwEQid1UjEZ15AH8eh3YiOo=",
            "content_base64sha512": "HcPOxV5Gm5Ve5Rkjc621y01Z/yb9hcnxccwQ5aWt/oxWelnB3AWG7olwtHHqjkBAwHsvh8feY4AwWYyoc1F6bg==",
            "content_md5": "df6c0c1bbfbede9fc864bad1756babc8",
            "content_sha1": "ade884b4e020ec7bca0e4e1fded85cfb155948e7",
            "content_sha256": "367ee26dcab51f7f50daed290b59b583011089dd548c4675e401fc7a1dd888ea",
            "content_sha512": "1dc3cec55e469b955ee5192373adb5cb4d59ff26fd85c9f171cc10e5a5adfe8c567a59c1dc0586ee8970b471ea8e4040c07b2f87c7de638030598ca873517a6e",
            "directory_permission": "0777",
            "file_permission": "0777",
            "filename": "PRD/file6.txt",
            "id": "ade884b4e020ec7bca0e4e1fded85cfb155948e7",
            "sensitive_content": null,
            "source": null
          },
          "sensitive_attributes": [
            [
              {
                "type": "get_attr",
                "value": "sensitive_content"
              }
            ]
          ],
          "identity_schema_version": 0
        },
        {
          "index_key": "PRD-7",
          "schema_version": 0,
          "attributes": {
            "content": "This is file number 7 for PRD env generated by terraform, The user inputed text is: Running in production...",
            "content_base64": null,
            "content_base64sha256": "HJTivBB5ZP6RGOHJotRmQuwfky3hKvLsvWyuDgLrJ6I=",
            "content_base64sha512": "zN0irv0myD5XCJw+T0KdlLD1WWE6l8m3lbxVgnzxp7KV7ffTjIt1/s04pcLliha+vBPM+SIQTtKw2kIEdALGDw==",
            "content_md5": "a1088c3cc044b11b6a7743a6206bf9c0",
            "content_sha1": "365718fb604426676227e17c2960e4d5e931b96b",
            "content_sha256": "1c94e2bc107964fe9118e1c9a2d46642ec1f932de12af2ecbd6cae0e02eb27a2",
            "content_sha512": "ccdd22aefd26c83e57089c3e4f429d94b0f559613a97c9b795bc55827cf1a7b295edf7d38c8b75fecd38a5c2e58a16bebc13ccf922104ed2b0da42047402c60f",
            "directory_permission": "0777",
            "file_permission": "0777",
            "filename": "PRD/file7.txt",
            "id": "365718fb604426676227e17c2960e4d5e931b96b",
            "sensitive_content": null,
            "source": null
          },
          "sensitive_attributes": [
            [
              {
                "type": "get_attr",
                "value": "sensitive_content"
              }
            ]
          ],
          "identity_schema_version": 0
        },
        {
          "index_key": "PRD-8",
          "schema_version": 0,
          "attributes": {
            "content": "This is file number 8 for PRD env generated by terraform, The user inputed text is: Running in production...",
            "content_base64": null,
            "content_base64sha256": "N5C0JVcH9/qiU5zpdBegfTvXG0TjeM+dMMxCdIjpebE=",
            "content_base64sha512": "AC3Rd6zx8xODMXMv2uEtSYpP3n4CRifesM8F9kDtB6IbNTuAEag0uOtX7olBTSoUrmma/iuDTF6uYvuzxN112w==",
            "content_md5": "2587d3de789dce39041d3e69714d4895",
            "content_sha1": "5fdf0e64f208935ebc2fea739df39437e40ab4eb",
            "content_sha256": "3790b4255707f7faa2539ce97417a07d3bd71b44e378cf9d30cc427488e979b1",
            "content_sha512": "002dd177acf1f3138331732fdae12d498a4fde7e024627deb0cf05f640ed07a21b353b8011a834b8eb57ee89414d2a14ae699afe2b834c5eae62fbb3c4dd75db",
            "directory_permission": "0777",
            "file_permission": "0777",
            "filename": "PRD/file8.txt",
            "id": "5fdf0e64f208935ebc2fea739df39437e40ab4eb",
            "sensitive_content": null,
            "source": null
          },
          "sensitive_attributes": [
            [
              {
                "type": "get_attr",
                "value": "sensitive_content"
              }
            ]
          ],
          "identity_schema_version": 0
        },
        {
          "index_key": "PRD-9",
          "schema_version": 0,
          "attributes": {
            "content": "This is file number 9 for PRD env generated by terraform, The user inputed text is: Running in production...",
            "content_base64": null,
            "content_base64sha256": "PL+Wvdwugvr1lN/itYyM277Mr7L/p61kXccA0KFMw7Y=",
            "content_base64sha512": "JofyDIZC41BICo59sH+Ssmz0hKkQgqxO/3eyhVbVecSYeIal+NlYvt2fhoXt/7Z3rK75XN4LPPW1Gokf7Qbl5Q==",
            "content_md5": "15ecc950d1a4ef7253ec7cf2487034aa",
            "content_sha1": "21e0ac431704d211038c7e276ad2c4bf76875c0c",
            "content_sha256": "3cbf96bddc2e82faf594dfe2b58c8cdbbeccafb2ffa7ad645dc700d0a14cc3b6",
            "content_sha512": "2687f20c8642e350480a8e7db07f92b26cf484a91082ac4eff77b28556d579c4987886a5f8d958bedd9f8685edffb677acaef95cde0b3cf5b51a891fed06e5e5",
            "directory_permission": "0777",
            "file_permission": "0777",
            "filename": "PRD/file9.txt",
            "id": "21e0ac431704d211038c7e276ad2c4bf76875c0c",
            "sensitive_content": null,
            "source": null
          },
          "sensitive_attributes": [
            [
              {
                "type": "get_attr",
                "value": "sensitive_content"
              }
            ]
          ],
          "identity_schema_version": 0
        },
        {
          "index_key": "QA-1",
          "schema_version": 0,
          "attributes": {
            "content": "This is file number 1 for QA env generated by terraform, The user inputed text is: Running QA tests...",
            "content_base64": null,
            "content_base64sha256": "YyC353If9VGMg4buodAjbs6IcfoZx7gE/4+5NlmQB6c=",
            "content_base64sha512": "t1pTxDGC5r6HTM21gS6nXniiTan+rlO7jaucfC0q0rTqqjZpP+ysIYZ0PrdOJdYmVqxqUKC4cWFK5Opten/G3Q==",
            "content_md5": "65dbf9509c4475a3dbf35383d2b484fc",
            "content_sha1": "4af6340cb65d82f2f05bfdb0f491ec5c511baebb",
            "content_sha256": "6320b7e7721ff5518c8386eea1d0236ece8871fa19c7b804ff8fb936599007a7",
            "content_sha512": "b75a53c43182e6be874ccdb5812ea75e78a24da9feae53bb8dab9c7c2d2ad2b4eaaa36693fecac2186743eb74e25d62656ac6a50a0b871614ae4ea6d7a7fc6dd",
            "directory_permission": "0777",
            "file_permission": "0777",
            "filename": "QA/file1.txt",
            "id": "4af6340cb65d82f2f05bfdb0f491ec5c511baebb",
            "sensitive_content": null,
            "source": null
          },
          "sensitive_attributes": [
            [
              {
                "type": "get_attr",
                "value": "sensitive_content"
              }
            ]
          ],
          "identity_schema_version": 0
        },
        {
          "index_key": "QA-10",
          "schema_version": 0,
          "attributes": {
            "content": "This is file number 10 for QA env generated by terraform, The user inputed text is: Running QA tests...",
            "content_base64": null,
            "content_base64sha256": "LNEOybjH/wxV5CNwFXVrXBar3ouFDeU4bLQw2FQUk0Q=",
            "content_base64sha512": "LpShNm/CaIjlIrm2dhjnEOqyfNYcVTnpra90xntIxUbYpsF2jICFWg5dhsubcEFQNxVfxnhAh06R59uUG0e7WQ==",
            "content_md5": "97e2a35d65868d30c0c9e51b9977287d",
            "content_sha1": "1d18d4bf16122e82e7a6aae4890289e0de305a09",
            "content_sha256": "2cd10ec9b8c7ff0c55e4237015756b5c16abde8b850de5386cb430d854149344",
            "content_sha512": "2e94a1366fc26888e522b9b67618e710eab27cd61c5539e9adaf74c67b48c546d8a6c1768c80855a0e5d86cb9b70415037155fc67840874e91e7db941b47bb59",
            "directory_permission": "0777",
            "file_permission": "0777",
            "filename": "QA/file10.txt",
            "id": "1d18d4bf16122e82e7a6aae4890289e0de305a09",
            "sensitive_content": null,
            "source": null
          },
          "sensitive_attributes": [
            [
              {
                "type": "get_attr",
                "value": "sensitive_content"
              }
            ]
          ],
          "identity_schema_version": 0
        },
        {
          "index_key": "QA-2",
          "schema_version": 0,
          "attributes": {
            "content": "This is file number 2 for QA env generated by terraform, The user inputed text is: Running QA tests...",
            "content_base64": null,
            "content_base64sha256": "uIoP+FEzr3DIEHZTnx18bbfFFLlo9IxWPWGMs/rjOxk=",
            "content_base64sha512": "1gL32ybHugKgW34UqNbq0y0kKDTyxC05KNakM6KROGWfutx3w49xThZWMrN5yFterilHpFjxIxKYm8wehCwTuw==",
            "content_md5": "d495ea2abe907299e3d6eb6beec3a356",
            "content_sha1": "2173baa5f3614fcd8b4a4cac635892789216d509",
            "content_sha256": "b88a0ff85133af70c81076539f1d7c6db7c514b968f48c563d618cb3fae33b19",
            "content_sha512": "d602f7db26c7ba02a05b7e14a8d6ead32d242834f2c42d3928d6a433a29138659fbadc77c38f714e165632b379c85b5eae2947a458f12312989bcc1e842c13bb",
            "directory_permission": "0777",
            "file_permission": "0777",
            "filename": "QA/file2.txt",
            "id": "2173baa5f3614fcd8b4a4cac635892789216d509",
            "sensitive_content": null,
            "source": null
          },
          "sensitive_attributes": [
            [
              {
                "type": "get_attr",
                "value": "sensitive_content"
              }
            ]
          ],
          "identity_schema_version": 0
        },
        {
          "index_key": "QA-3",
          "schema_version": 0,
          "attributes": {
            "content": "This is file number 3 for QA env generated by terraform, The user inputed text is: Running QA tests...",
            "content_base64": null,
            "content_base64sha256": "1eF5nBTIW8zdmR1QmsY5i+jRqoT/6hD8/HcT3Ak8MbI=",
            "content_base64sha512": "ZyL99IFIBDpPszs3N4GupmdPJ+KE2rq1csRmlLmShEe1kkfxAINqZvYJ5UQwsHuvybwA/0zsW/PueEKL9o7myg==",
            "content_md5": "838d8d90481be6a1f7f0ce9202bddc28",
            "content_sha1": "c0c4eb622ce1eb289ce070f5910e0fcb0078b62f",
            "content_sha256": "d5e1799c14c85bccdd991d509ac6398be8d1aa84ffea10fcfc7713dc093c31b2",
            "content_sha512": "6722fdf48148043a4fb33b373781aea6674f27e284dabab572c46694b9928447b59247f100836a66f609e54430b07bafc9bc00ff4cec5bf3ee78428bf68ee6ca",
            "directory_permission": "0777",
            "file_permission": "0777",
            "filename": "QA/file3.txt",
            "id": "c0c4eb622ce1eb289ce070f5910e0fcb0078b62f",
            "sensitive_content": null,
            "source": null
          },
          "sensitive_attributes": [
            [
              {
                "type": "get_attr",
                "value": "sensitive_content"
              }
            ]
          ],
          "identity_schema_version": 0
        },
        {
          "index_key": "QA-4",
          "schema_version": 0,
          "attributes": {
            "content": "This is file number 4 for QA env generated by terraform, The user inputed text is: Running QA tests...",
            "content_base64": null,
            "content_base64sha256": "X7mlAYLq8KbWeYlbByffQ+eh1iBdD+3s8IS61Q/GMl4=",
            "content_base64sha512": "s3yQ3fZnRVSHwX8cm8u5gp5NRST9NQ/d7N4bs2YlK5J3IYDi6BtFoVl7/jdRpqKOJal9y3Ux+WLHnsHBDfUctQ==",
            "content_md5": "5d19e7b81d8dd4f97713c8f335050fd3",
            "content_sha1": "6c41da13da47c57f9bd24a9f5680c7ec0ad1641e",
            "content_sha256": "5fb9a50182eaf0a6d679895b0727df43e7a1d6205d0fedecf084bad50fc6325e",
            "content_sha512": "b37c90ddf667455487c17f1c9bcbb9829e4d4524fd350fddecde1bb366252b92772180e2e81b45a1597bfe3751a6a28e25a97dcb7531f962c79ec1c10df51cb5",
            "directory_permission": "0777",
            "file_permission": "0777",
            "filename": "QA/file4.txt",
            "id": "6c41da13da47c57f9bd24a9f5680c7ec0ad1641e",
            "sensitive_content": null,
            "source": null
          },
          "sensitive_attributes": [
            [
              {
                "type": "get_attr",
                "value": "sensitive_content"
              }
            ]
          ],
          "identity_schema_version": 0
        },
        {
          "index_key": "QA-5",
          "schema_version": 0,
          "attributes": {
            "content": "This is file number 5 for QA env generated by terraform, The user inputed text is: Running QA tests...",
            "content_base64": null,
            "content_base64sha256": "4dG4SL4EGC380j3Ro5vL6ewOYQRsNWk5PFqWvzr3ckk=",
            "content_base64sha512": "EScwRfm35Nay3KoToRTZKKhYysX48DiiFC9KuOu0V9RtT/VRGN+LhLHtdXe2LRjWi39qOfbzEGh//0GX2LgBkg==",
            "content_md5": "87f226939edb5d997f2eb10ae5fea82b",
            "content_sha1": "131215bd105284eab9be35a45878bda2297e350f",
            "content_sha256": "e1d1b848be04182dfcd23dd1a39bcbe9ec0e61046c3569393c5a96bf3af77249",
            "content_sha512": "11273045f9b7e4d6b2dcaa13a114d928a858cac5f8f038a2142f4ab8ebb457d46d4ff55118df8b84b1ed7577b62d18d68b7f6a39f6f310687fff4197d8b80192",
            "directory_permission": "0777",
            "file_permission": "0777",
            "filename": "QA/file5.txt",
            "id": "131215bd105284eab9be35a45878bda2297e350f",
            "sensitive_content": null,
            "source": null
          },
          "sensitive_attributes": [
            [
              {
                "type": "get_attr",
                "value": "sensitive_content"
              }
            ]
          ],
          "identity_schema_version": 0
        },
        {
          "index_key": "QA-6",
          "schema_version": 0,
          "attributes": {
            "content": "This is file number 6 for QA env generated by terraform, The user inputed text is: Running QA tests...",
            "content_base64": null,
            "content_base64sha256": "nZkPpnq3gh4gQm9zgNgZV265SkdeMIx2F9Kl3tKxjhM=",
            "content_base64sha512": "HX0quzXmPVseO/JFjVRmZiOmvg93Kznz7dWE+caXmJSvVYD84DDnfLPs/4Ekeva+fgCAQ94i33JeDaW6OiUXqg==",
            "content_md5": "33c91cb57e3ad5032c45ccef4097303c",
            "content_sha1": "d552a0dc4ce21760da2a938f295f9fa07a6e63fd",
            "content_sha256": "9d990fa67ab7821e20426f7380d819576eb94a475e308c7617d2a5ded2b18e13",
            "content_sha512": "1d7d2abb35e63d5b1e3bf2458d54666623a6be0f772b39f3edd584f9c6979894af5580fce030e77cb3ecff81247af6be7e008043de22df725e0da5ba3a2517aa",
            "directory_permission": "0777",
            "file_permission": "0777",
            "filename": "QA/file6.txt",
            "id": "d552a0dc4ce21760da2a938f295f9fa07a6e63fd",
            "sensitive_content": null,
            "source": null
          },
          "sensitive_attributes": [
            [
              {
                "type": "get_attr",
                "value": "sensitive_content"
              }
            ]
          ],
          "identity_schema_version": 0
        },
        {
          "index_key": "QA-7",
          "schema_version": 0,
          "attributes": {
            "content": "This is file number 7 for QA env generated by terraform, The user inputed text is: Running QA tests...",
            "content_base64": null,
            "content_base64sha256": "t8BT1fdMXeQtX10j8txmoI0Wd94q5VFvWjgaYW95Ebo=",
            "content_base64sha512": "0DbYmp2l7SF6O/6gpf4mLOsFolQF6Y3FYeftNZXmbp06Vh7GW1H9Mv+5b5Tqw32voCDj9q6p7gBkOlm3YcmOeg==",
            "content_md5": "efa8b432766576569f612c40b3c684d0",
            "content_sha1": "31c42f2ec53b7df0da853e2dc528082e157033c2",
            "content_sha256": "b7c053d5f74c5de42d5f5d23f2dc66a08d1677de2ae5516f5a381a616f7911ba",
            "content_sha512": "d036d89a9da5ed217a3bfea0a5fe262ceb05a25405e98dc561e7ed3595e66e9d3a561ec65b51fd32ffb96f94eac37dafa020e3f6aea9ee00643a59b761c98e7a",
            "directory_permission": "0777",
            "file_permission": "0777",
            "filename": "QA/file7.txt",
            "id": "31c42f2ec53b7df0da853e2dc528082e157033c2",
            "sensitive_content": null,
            "source": null
          },
          "sensitive_attributes": [
            [
              {
                "type": "get_attr",
                "value": "sensitive_content"
              }
            ]
          ],
          "identity_schema_version": 0
        },
        {
          "index_key": "QA-8",
          "schema_version": 0,
          "attributes": {
            "content": "This is file number 8 for QA env generated by terraform, The user inputed text is: Running QA tests...",
            "content_base64": null,
            "content_base64sha256": "3hVhq6d74coz1AGRSa6a4yRW+2nyOqrGDdoBpDuxosk=",
            "content_base64sha512": "zp7HZVVV4MjluhRABWaYUm05EfWHSvhWWBbehPMMpUN+IQdZFWLbZaRetB5VlBf6YZbPmNkTDNnh9pcfeHn9Iw==",
            "content_md5": "d11d6af4cd741fd06226be1dacd85697",
            "content_sha1": "66290ff29bb8cc67df8a29b6fccfaf26c5a2b63a",
            "content_sha256": "de1561aba77be1ca33d4019149ae9ae32456fb69f23aaac60dda01a43bb1a2c9",
            "content_sha512": "ce9ec7655555e0c8e5ba1440056698526d3911f5874af8565816de84f30ca5437e2107591562db65a45eb41e559417fa6196cf98d9130cd9e1f6971f7879fd23",
            "directory_permission": "0777",
            "file_permission": "0777",
            "filename": "QA/file8.txt",
            "id": "66290ff29bb8cc67df8a29b6fccfaf26c5a2b63a",
            "sensitive_content": null,
            "source": null
          },
          "sensitive_attributes": [
            [
              {
                "type": "get_attr",
                "value": "sensitive_content"
              }
            ]
          ],
          "identity_schema_version": 0
        },
        {
          "index_key": "QA-9",
          "schema_version": 0,
          "attributes": {
            "content": "This is file number 9 for QA env generated by terraform, The user inputed text is: Running QA tests...",
            "content_base64": null,
            "content_base64sha256": "DeDP47R4G2QCQgeBO7VAyhdxjFlzQxXKshGokoS3g/E=",
            "content_base64sha512": "/xT7K9OPpO1zJDKjHHW7oQUNoIqWUGgF1xNHCYF4AiP0yHxm5u6BMcwx0Xgy52w1jFTqlY0i3TnrSaH0NK5gsQ==",
            "content_md5": "2f94f300318fb771cadc61c5ebece0f7",
            "content_sha1": "ff5c132e7b5863773747121b01ed9b1fdc86bf89",
            "content_sha256": "0de0cfe3b4781b64024207813bb540ca17718c59734315cab211a89284b783f1",
            "content_sha512": "ff14fb2bd38fa4ed732432a31c75bba1050da08a96506805d713470981780223f4c87c66e6ee8131cc31d17832e76c358c54ea958d22dd39eb49a1f434ae60b1",
            "directory_permission": "0777",
            "file_permission": "0777",
            "filename": "QA/file9.txt",
            "id": "ff5c132e7b5863773747121b01ed9b1fdc86bf89",
            "sensitive_content": null,
            "source": null
          },
          "sensitive_attributes": [
            [
              {
                "type": "get_attr",
                "value": "sensitive_content"
              }
            ]
          ],
          "identity_schema_version": 0
        },
        {
          "index_key": "STG-1",
          "schema_version": 0,
          "attributes": {
            "content": "This is file number 1 for STG env generated by terraform, The user inputed text is: Running business logic tests...",
            "content_base64": null,
            "content_base64sha256": "QUuADVuENM8828+76Ctx+6X8c6yzKIoAa4BqapSKoWM=",
            "content_base64sha512": "o1hhpCk75mmrpxGa/ghHkB1UeyW2av5ZKwk1uWTARxFFY+fNikhdMhRO2mkL7R/pp4sv+MOBa8Y+4zHaw+xzpA==",
            "content_md5": "b5990d1d19c2e324a7cec972f2322e59",
            "content_sha1": "371f1475d607bae36cbae5ef0203fcc421dde2b1",
            "content_sha256": "414b800d5b8434cf3cdbcfbbe82b71fba5fc73acb3288a006b806a6a948aa163",
            "content_sha512": "a35861a4293be669aba7119afe0847901d547b25b66afe592b0935b964c047114563e7cd8a485d32144eda690bed1fe9a78b2ff8c3816bc63ee331dac3ec73a4",
            "directory_permission": "0777",
            "file_permission": "0777",
            "filename": "STG/file1.txt",
            "id": "371f1475d607bae36cbae5ef0203fcc421dde2b1",
            "sensitive_content": null,
            "source": null
          },
          "sensitive_attributes": [
            [
              {
                "type": "get_attr",
                "value": "sensitive_content"
              }
            ]
          ],
          "identity_schema_version": 0
        },
        {
          "index_key": "STG-10",
          "schema_version": 0,
          "attributes": {
            "content": "This is file number 10 for STG env generated by terraform, The user inputed text is: Running business logic tests...",
            "content_base64": null,
            "content_base64sha256": "Bngg5da+IILoDHzbUWLT+j3embmqh1lKDODexOhHHEo=",
            "content_base64sha512": "1jiEDcg0rAjrxjDCRxBG75ioYx58YgjqLkHOdO4vQd0Fsn0hNqk5dCt3Y9CSAcKOyYlUQpQH1QEIi/e2AaX/QA==",
            "content_md5": "17f5974cc9ddc926feaaedda44dc5191",
            "content_sha1": "84e3896cdd5a5b2c072a4d6ef5e8bf8b0b4ab147",
            "content_sha256": "067820e5d6be2082e80c7cdb5162d3fa3dde99b9aa87594a0ce0dec4e8471c4a",
            "content_sha512": "d638840dc834ac08ebc630c2471046ef98a8631e7c6208ea2e41ce74ee2f41dd05b27d2136a939742b7763d09201c28ec98954429407d501088bf7b601a5ff40",
            "directory_permission": "0777",
            "file_permission": "0777",
            "filename": "STG/file10.txt",
            "id": "84e3896cdd5a5b2c072a4d6ef5e8bf8b0b4ab147",
            "sensitive_content": null,
            "source": null
          },
          "sensitive_attributes": [
            [
              {
                "type": "get_attr",
                "value": "sensitive_content"
              }
            ]
          ],
          "identity_schema_version": 0
        },
        {
          "index_key": "STG-2",
          "schema_version": 0,
          "attributes": {
            "content": "This is file number 2 for STG env generated by terraform, The user inputed text is: Running business logic tests...",
            "content_base64": null,
            "content_base64sha256": "o6d4h7OQmJeUJTN+2YoG0x2fiaHLYy314JKMRnLdFO8=",
            "content_base64sha512": "EiLYcCUFXYdpX1+NcLqPqzw2U8TCd033yQPXV2sAIH0UuMshbdNMmSYJKzbLVTLAQU4NmnX36tB0qDhkIDGlIw==",
            "content_md5": "fe71101f8ed1cac0f48230f347966d95",
            "content_sha1": "b632f23dcb311cf7cffeb0a644aa638a57792e95",
            "content_sha256": "a3a77887b39098979425337ed98a06d31d9f89a1cb632df5e0928c4672dd14ef",
            "content_sha512": "1222d87025055d87695f5f8d70ba8fab3c3653c4c2774df7c903d7576b00207d14b8cb216dd34c9926092b36cb5532c0414e0d9a75f7ead074a838642031a523",
            "directory_permission": "0777",
            "file_permission": "0777",
            "filename": "STG/file2.txt",
            "id": "b632f23dcb311cf7cffeb0a644aa638a57792e95",
            "sensitive_content": null,
            "source": null
          },
          "sensitive_attributes": [
            [
              {
                "type": "get_attr",
                "value": "sensitive_content"
              }
            ]
          ],
          "identity_schema_version": 0
        },
        {
          "index_key": "STG-3",
          "schema_version": 0,
          "attributes": {
            "content": "This is file number 3 for STG env generated by terraform, The user inputed text is: Running business logic tests...",
            "content_base64": null,
            "content_base64sha256": "K1P6iNkZGlAB8W9+E73IjFWKUARXkeoU9rwX2rgVdbk=",
            "content_base64sha512": "WzdwvjwYKi2gIZC1WIz1Ikj5uh0xxO3Gxaxw4V5tVXF8qzrjMIdAfkabJ8BBtcifqqQq7OCMhz0zRQ6CQpwndw==",
            "content_md5": "ed1c736f598869bbc5be82fd8b1eeb50",
            "content_sha1": "ab94a4bfb6e3cddac90e598bed37acbea7b1c0d2",
            "content_sha256": "2b53fa88d9191a5001f16f7e13bdc88c558a50045791ea14f6bc17dab81575b9",
            "content_sha512": "5b3770be3c182a2da02190b5588cf52248f9ba1d31c4edc6c5ac70e15e6d55717cab3ae33087407e469b27c041b5c89faaa42aece08c873d33450e82429c2777",
            "directory_permission": "0777",
            "file_permission": "0777",
            "filename": "STG/file3.txt",
            "id": "ab94a4bfb6e3cddac90e598bed37acbea7b1c0d2",
            "sensitive_content": null,
            "source": null
          },
          "sensitive_attributes": [
            [
              {
                "type": "get_attr",
                "value": "sensitive_content"
              }
            ]
          ],
          "identity_schema_version": 0
        },
        {
          "index_key": "STG-4",
          "schema_version": 0,
          "attributes": {
            "content": "This is file number 4 for STG env generated by terraform, The user inputed text is: Running business logic tests...",
            "content_base64": null,
            "content_base64sha256": "10MdJ+GoTEiDNEFKj3ct8sXh7My2yMdETPJkEYXdpRg=",
            "content_base64sha512": "24JFZu3zTsqTl7liU1q7/i/rCf0TiKV6z4Q4P91W3zrHCmhAaX9Z7gEbFWIpiS4JfaUykwrVN88w5ugUv/BUqQ==",
            "content_md5": "a1a8b46edce6f678f081c218a320b5ca",
            "content_sha1": "47e0742a435b67a53686c8c55e75205354c93764",
            "content_sha256": "d7431d27e1a84c488334414a8f772df2c5e1ecccb6c8c7444cf2641185dda518",
            "content_sha512": "db824566edf34eca9397b962535abbfe2feb09fd1388a57acf84383fdd56df3ac70a6840697f59ee011b156229892e097da532930ad537cf30e6e814bff054a9",
            "directory_permission": "0777",
            "file_permission": "0777",
            "filename": "STG/file4.txt",
            "id": "47e0742a435b67a53686c8c55e75205354c93764",
            "sensitive_content": null,
            "source": null
          },
          "sensitive_attributes": [
            [
              {
                "type": "get_attr",
                "value": "sensitive_content"
              }
            ]
          ],
          "identity_schema_version": 0
        },
        {
          "index_key": "STG-5",
          "schema_version": 0,
          "attributes": {
            "content": "This is file number 5 for STG env generated by terraform, The user inputed text is: Running business logic tests...",
            "content_base64": null,
            "content_base64sha256": "nFpB2GZOZav5qTdJIdin0vr8LYVj6jh8Mqq43bZvToA=",
            "content_base64sha512": "pjgrLC+W/qX/gc7iQgiEDbRCo03gAKbSM3Tji/2TidgR0RaFv+VNIx8h4alJklpkkc14BuLGKNOAVTW0LncsHw==",
            "content_md5": "69a68f442b139dc01bbbdd9abcdc6382",
            "content_sha1": "2a05deb5c533a9dc889f0dbcb7a4dd9de5c7b1ca",
            "content_sha256": "9c5a41d8664e65abf9a9374921d8a7d2fafc2d8563ea387c32aab8ddb66f4e80",
            "content_sha512": "a6382b2c2f96fea5ff81cee24208840db442a34de000a6d23374e38bfd9389d811d11685bfe54d231f21e1a949925a6491cd7806e2c628d3805535b42e772c1f",
            "directory_permission": "0777",
            "file_permission": "0777",
            "filename": "STG/file5.txt",
            "id": "2a05deb5c533a9dc889f0dbcb7a4dd9de5c7b1ca",
            "sensitive_content": null,
            "source": null
          },
          "sensitive_attributes": [
            [
              {
                "type": "get_attr",
                "value": "sensitive_content"
              }
            ]
          ],
          "identity_schema_version": 0
        },
        {
          "index_key": "STG-6",
          "schema_version": 0,
          "attributes": {
            "content": "This is file number 6 for STG env generated by terraform, The user inputed text is: Running business logic tests...",
            "content_base64": null,
            "content_base64sha256": "nYAGbJNoyc9X373n9w3LoKmugqz66+4hGVmcJxujRcU=",
            "content_base64sha512": "bKMfSEim12vhYnRC4RClSfBMMyqfyRjKANOfCyVcjqSKOROveMCgzlN3+dz/5XJbB8Msf2smcg7CkVbc/U183g==",
            "content_md5": "6be684403e1ef67b2d12fce4791dbf13",
            "content_sha1": "5c88d1dc3770aed3c4c64fa9f08b3d2df83102b7",
            "content_sha256": "9d80066c9368c9cf57dfbde7f70dcba0a9ae82acfaebee2119599c271ba345c5",
            "content_sha512": "6ca31f4848a6d76be1627442e110a549f04c332a9fc918ca00d39f0b255c8ea48a3913af78c0a0ce5377f9dcffe5725b07c32c7f6b26720ec29156dcfd4d7cde",
            "directory_permission": "0777",
            "file_permission": "0777",
            "filename": "STG/file6.txt",
            "id": "5c88d1dc3770aed3c4c64fa9f08b3d2df83102b7",
            "sensitive_content": null,
            "source": null
          },
          "sensitive_attributes": [
            [
              {
                "type": "get_attr",
                "value": "sensitive_content"
              }
            ]
          ],
          "identity_schema_version": 0
        },
        {
          "index_key": "STG-7",
          "schema_version": 0,
          "attributes": {
            "content": "This is file number 7 for STG env generated by terraform, The user inputed text is: Running business logic tests...",
            "content_base64": null,
            "content_base64sha256": "r0YmNHF3yYlv2eKWXeSzvlS6cpHyoVJAa/5eeqXPp0A=",
            "content_base64sha512": "B42MwkR0KZFPAEt56QjE94mRX/l0zFbHiUyE5zJDFpyBdZQUdaKJ+rNTXFCt8vRcRl0Cg3X2SMy2IFHA6MPIRQ==",
            "content_md5": "b60a236e190dbac092d3246baddfc17f",
            "content_sha1": "9b49a4a2db75119cd8851b4fd198fb68e381c1d2",
            "content_sha256": "af4626347177c9896fd9e2965de4b3be54ba7291f2a152406bfe5e7aa5cfa740",
            "content_sha512": "078d8cc2447429914f004b79e908c4f789915ff974cc56c7894c84e73243169c8175941475a289fab3535c50adf2f45c465d028375f648ccb62051c0e8c3c845",
            "directory_permission": "0777",
            "file_permission": "0777",
            "filename": "STG/file7.txt",
            "id": "9b49a4a2db75119cd8851b4fd198fb68e381c1d2",
            "sensitive_content": null,
            "source": null
          },
          "sensitive_attributes": [
            [
              {
                "type": "get_attr",
                "value": "sensitive_content"
              }
            ]
          ],
          "identity_schema_version": 0
        },
        {
          "index_key": "STG-8",
          "schema_version": 0,
          "attributes": {
            "content": "This is file number 8 for STG env generated by terraform, The user inputed text is: Running business logic tests...",
            "content_base64": null,
            "content_base64sha256": "rYf3CeMncYanaCb6hYsaIQ5md2/2Q+SU2ExPHVJ/zO0=",
            "content_base64sha512": "arITAvPZ4Aa26wXoyAfpD4g0gPXqqaT9qBL7bAHa8KVpMOuxge6wikUqpbEj2cdae+PLjmaT6Tz9lmok0m9hig==",
            "content_md5": "fb6d75b390aad8f191856e3a0c387bda",
            "content_sha1": "f0f239d635da1947f473c87ec0a14269e75928eb",
            "content_sha256": "ad87f709e3277186a76826fa858b1a210e66776ff643e494d84c4f1d527fcced",
            "content_sha512": "6ab21302f3d9e006b6eb05e8c807e90f883480f5eaa9a4fda812fb6c01daf0a56930ebb181eeb08a452aa5b123d9c75a7be3cb8e6693e93cfd966a24d26f618a",
            "directory_permission": "0777",
            "file_permission": "0777",
            "filename": "STG/file8.txt",
            "id": "f0f239d635da1947f473c87ec0a14269e75928eb",
            "sensitive_content": null,
            "source": null
          },
          "sensitive_attributes": [
            [
              {
                "type": "get_attr",
                "value": "sensitive_content"
              }
            ]
          ],
          "identity_schema_version": 0
        },
        {
          "index_key": "STG-9",
          "schema_version": 0,
          "attributes": {
            "content": "This is file number 9 for STG env generated by terraform, The user inputed text is: Running business logic tests...",
            "content_base64": null,
            "content_base64sha256": "+YzteUPaEUdZcjFl/ice9ZvKugNnALq+W4nfgrzdGwc=",
            "content_base64sha512": "CEtLMEoX0iUFOAOgPC1mJahYRUi/KMDaxKHNZ53z4D+z+Ct0KhcLH6id71l/B2YQ116R35dTySesMEFk4lNsUw==",
            "content_md5": "c346fcbf3fe75365d54decba12446f73",
            "content_sha1": "7b87254c3b17195a147e1aef0604eb82b7f8cbc8",
            "content_sha256": "f98ced7943da114759723165fe271ef59bcaba036700babe5b89df82bcdd1b07",
            "content_sha512": "084b4b304a17d225053803a03c2d6625a8584548bf28c0dac4a1cd679df3e03fb3f82b742a170b1fa89def597f076610d75e91df9753c927ac304164e2536c53",
            "directory_permission": "0777",
            "file_permission": "0777",
            "filename": "STG/file9.txt",
            "id": "7b87254c3b17195a147e1aef0604eb82b7f8cbc8",
            "sensitive_content": null,
            "source": null
          },
          "sensitive_attributes": [
            [
              {
                "type": "get_attr",
                "value": "sensitive_content"
              }
            ]
          ],
          "identity_schema_version": 0
        }
      ]
    }
  ],
  "check_results": null
}
